
Microsoft Visual Studio Solution File, Format Version 12.00
# Visual Studio Version 17
VisualStudioVersion = 17.11.35222.181
MinimumVisualStudioVersion = 10.0.40219.1
Project("{8BC9CEB8-8B4A-11D0-8D11-00A0C91BC942}") = "Assignment 1 40230462", "..\OneDrive - HRUC\BTEC Level 3 - IT 2024-2025\Unit 04 - Programming\Assignment 1 40230462\Assignment 1 40230462\Assignment 1 40230462.vcxproj", "{1D6E35F2-02A5-4B00-B511-EF2465184973}"
EndProject
Global
	GlobalSection(SolutionConfigurationPlatforms) = preSolution
		Debug|x64 = Debug|x64
		Debug|x86 = Debug|x86
		Release|x64 = Release|x64
		Release|x86 = Release|x86
	EndGlobalSection
	GlobalSection(ProjectConfigurationPlatforms) = postSolution
		{1D6E35F2-02A5-4B00-B511-EF2465184973}.Debug|x64.ActiveCfg = Debug|x64
		{1D6E35F2-02A5-4B00-B511-EF2465184973}.Debug|x64.Build.0 = Debug|x64
		{1D6E35F2-02A5-4B00-B511-EF2465184973}.Debug|x86.ActiveCfg = Debug|Win32
		{1D6E35F2-02A5-4B00-B511-EF2465184973}.Debug|x86.Build.0 = Debug|Win32
		{1D6E35F2-02A5-4B00-B511-EF2465184973}.Release|x64.ActiveCfg = Release|x64
		{1D6E35F2-02A5-4B00-B511-EF2465184973}.Release|x64.Build.0 = Release|x64
		{1D6E35F2-02A5-4B00-B511-EF2465184973}.Release|x86.ActiveCfg = Release|Win32
		{1D6E35F2-02A5-4B00-B511-EF2465184973}.Release|x86.Build.0 = Release|Win32
	EndGlobalSection
	GlobalSection(SolutionProperties) = preSolution
		HideSolutionNode = FALSE
	EndGlobalSection
	GlobalSection(ExtensibilityGlobals) = postSolution
		SolutionGuid = {56FF3F9E-2F5A-472B-84EA-D59152F68D74}
	EndGlobalSection
EndGlobal
